
Microsoft Visual Studio Solution File, Format Version 12.00
# Visual Studio Version 16
VisualStudioVersion = 16.0.29926.136
MinimumVisualStudioVersion = 10.0.40219.1
Project("{9A19103F-16F7-4668-BE54-9A1E7A4F7556}") = "ACM_Acme_Customer_Management.BLL", "ACM(Acme_Customer_Management).BLL\ACM_Acme_Customer_Management.BLL.csproj", "{529DD933-24DC-4933-BF5E-DDC7E215D3CD}"
EndProject
Project("{2150E333-8FDC-42A3-9474-1A3956D46DE8}") = "Tests", "Tests", "{6E72D798-38D8-463B-BA46-68F247EFBEEE}"
EndProject
Project("{FAE04EC0-301F-11D3-BF4B-00C04F79EFBC}") = "ACM.BLLTest", "Tests\ACM.BLLTest\ACM.BLLTest.csproj", "{D5A9282E-6CB8-45AE-927F-A5506590E177}"
EndProject
Project("{FAE04EC0-301F-11D3-BF4B-00C04F79EFBC}") = "ACME.Common", "ACME.Common\ACME.Common.csproj", "{9C888EB7-148E-41B5-8174-A5DDDAF61F61}"
EndProject
Project("{FAE04EC0-301F-11D3-BF4B-00C04F79EFBC}") = "ACME.CommonTest", "Tests\ACME.CommonTest\ACME.CommonTest.csproj", "{2276C7C3-77EE-4D3E-9643-A694E55543A6}"
EndProject
Global
	GlobalSection(SolutionConfigurationPlatforms) = preSolution
		Debug|Any CPU = Debug|Any CPU
		Release|Any CPU = Release|Any CPU
	EndGlobalSection
	GlobalSection(ProjectConfigurationPlatforms) = postSolution
		{529DD933-24DC-4933-BF5E-DDC7E215D3CD}.Debug|Any CPU.ActiveCfg = Debug|Any CPU
		{529DD933-24DC-4933-BF5E-DDC7E215D3CD}.Debug|Any CPU.Build.0 = Debug|Any CPU
		{529DD933-24DC-4933-BF5E-DDC7E215D3CD}.Release|Any CPU.ActiveCfg = Release|Any CPU
		{529DD933-24DC-4933-BF5E-DDC7E215D3CD}.Release|Any CPU.Build.0 = Release|Any CPU
		{D5A9282E-6CB8-45AE-927F-A5506590E177}.Debug|Any CPU.ActiveCfg = Debug|Any CPU
		{D5A9282E-6CB8-45AE-927F-A5506590E177}.Debug|Any CPU.Build.0 = Debug|Any CPU
		{D5A9282E-6CB8-45AE-927F-A5506590E177}.Release|Any CPU.ActiveCfg = Release|Any CPU
		{D5A9282E-6CB8-45AE-927F-A5506590E177}.Release|Any CPU.Build.0 = Release|Any CPU
		{9C888EB7-148E-41B5-8174-A5DDDAF61F61}.Debug|Any CPU.ActiveCfg = Debug|Any CPU
		{9C888EB7-148E-41B5-8174-A5DDDAF61F61}.Debug|Any CPU.Build.0 = Debug|Any CPU
		{9C888EB7-148E-41B5-8174-A5DDDAF61F61}.Release|Any CPU.ActiveCfg = Release|Any CPU
		{9C888EB7-148E-41B5-8174-A5DDDAF61F61}.Release|Any CPU.Build.0 = Release|Any CPU
		{2276C7C3-77EE-4D3E-9643-A694E55543A6}.Debug|Any CPU.ActiveCfg = Debug|Any CPU
		{2276C7C3-77EE-4D3E-9643-A694E55543A6}.Debug|Any CPU.Build.0 = Debug|Any CPU
		{2276C7C3-77EE-4D3E-9643-A694E55543A6}.Release|Any CPU.ActiveCfg = Release|Any CPU
		{2276C7C3-77EE-4D3E-9643-A694E55543A6}.Release|Any CPU.Build.0 = Release|Any CPU
	EndGlobalSection
	GlobalSection(SolutionProperties) = preSolution
		HideSolutionNode = FALSE
	EndGlobalSection
	GlobalSection(NestedProjects) = preSolution
		{D5A9282E-6CB8-45AE-927F-A5506590E177} = {6E72D798-38D8-463B-BA46-68F247EFBEEE}
		{2276C7C3-77EE-4D3E-9643-A694E55543A6} = {6E72D798-38D8-463B-BA46-68F247EFBEEE}
	EndGlobalSection
	GlobalSection(ExtensibilityGlobals) = postSolution
		SolutionGuid = {6AB9DEF8-7627-423D-9311-6F505482AA6B}
	EndGlobalSection
EndGlobal
